
Microsoft Visual Studio Solution File, Format Version 12.00
# Visual Studio Version 16
VisualStudioVersion = 16.0.32407.337
MinimumVisualStudioVersion = 10.0.40219.1
Project("{9A19103F-16F7-4668-BE54-9A1E7A4F7556}") = "Medicine", "Medicine.csproj", "{321BCB75-6B6A-461E-849F-C1B5B7E9B7C9}"
EndProject
Global
	GlobalSection(SolutionConfigurationPlatforms) = preSolution
		Debug|Any CPU = Debug|Any CPU
		Release|Any CPU = Release|Any CPU
	EndGlobalSection
	GlobalSection(ProjectConfigurationPlatforms) = postSolution
		{321BCB75-6B6A-461E-849F-C1B5B7E9B7C9}.Debug|Any CPU.ActiveCfg = Debug|Any CPU
		{321BCB75-6B6A-461E-849F-C1B5B7E9B7C9}.Debug|Any CPU.Build.0 = Debug|Any CPU
		{321BCB75-6B6A-461E-849F-C1B5B7E9B7C9}.Release|Any CPU.ActiveCfg = Release|Any CPU
		{321BCB75-6B6A-461E-849F-C1B5B7E9B7C9}.Release|Any CPU.Build.0 = Release|Any CPU
	EndGlobalSection
	GlobalSection(SolutionProperties) = preSolution
		HideSolutionNode = FALSE
	EndGlobalSection
	GlobalSection(ExtensibilityGlobals) = postSolution
		SolutionGuid = {858E4FAF-75BA-4C1A-9866-E73A8C1B4C41}
	EndGlobalSection
EndGlobal
